// !$*UTF8*$!
{
	archiveVersion = 1;
	classes = {
	};
	objectVersion = 55;
	objects = {

/* Begin PBXBuildFile section */
		B0A6A22A26FE82CA0003DA37 /* test.cpp in Sources */ = {isa = PBXBuildFile; fileRef = B0A6A22826FE82C90003DA37 /* test.cpp */; };
		B0A6A22B26FE84140003DA37 /* writer.cpp in Sources */ = {isa = PBXBuildFile; fileRef = B0A6A22226FE824D0003DA37 /* writer.cpp */; };
		B0A6A22C26FE84140003DA37 /* tokenizer.cpp in Sources */ = {isa = PBXBuildFile; fileRef = B0A6A21D26FE824D0003DA37 /* tokenizer.cpp */; };
		B0A6A22D26FE84140003DA37 /* jsonvalue.cpp in Sources */ = {isa = PBXBuildFile; fileRef = B0A6A21E26FE824D0003DA37 /* jsonvalue.cpp */; };
		B0A6A22E26FE84140003DA37 /* reader.cpp in Sources */ = {isa = PBXBuildFile; fileRef = B0A6A21F26FE824D0003DA37 /* reader.cpp */; };
		B0A6A22F26FE84540003DA37 /* test.json in CopyFiles */ = {isa = PBXBuildFile; fileRef = B0A6A22926FE82C90003DA37 /* test.json */; };
		B0A6A23B26FE84E80003DA37 /* tokenizer.cpp in Sources */ = {isa = PBXBuildFile; fileRef = B0A6A21D26FE824D0003DA37 /* tokenizer.cpp */; };
		B0A6A23C26FE84E80003DA37 /* reader.cpp in Sources */ = {isa = PBXBuildFile; fileRef = B0A6A21F26FE824D0003DA37 /* reader.cpp */; };
		B0A6A23D26FE84E80003DA37 /* jsonvalue.cpp in Sources */ = {isa = PBXBuildFile; fileRef = B0A6A21E26FE824D0003DA37 /* jsonvalue.cpp */; };
		B0A6A23E26FE84F40003DA37 /* example.cpp in Sources */ = {isa = PBXBuildFile; fileRef = B0A6A22626FE82B50003DA37 /* example.cpp */; };
		B0A6A23F26FE85290003DA37 /* writer.cpp in Sources */ = {isa = PBXBuildFile; fileRef = B0A6A22226FE824D0003DA37 /* writer.cpp */; };
/* End PBXBuildFile section */

/* Begin PBXCopyFilesBuildPhase section */
		B0A6A20B26FE820E0003DA37 /* CopyFiles */ = {
			isa = PBXCopyFilesBuildPhase;
			buildActionMask = 12;
			dstPath = "";
			dstSubfolderSpec = 16;
			files = (
				B0A6A22F26FE84540003DA37 /* test.json in CopyFiles */,
			);
			runOnlyForDeploymentPostprocessing = 0;
		};
		B0A6A23226FE84E10003DA37 /* CopyFiles */ = {
			isa = PBXCopyFilesBuildPhase;
			buildActionMask = 2147483647;
			dstPath = /usr/share/man/man1/;
			dstSubfolderSpec = 0;
			files = (
			);
			runOnlyForDeploymentPostprocessing = 1;
		};
/* End PBXCopyFilesBuildPhase section */

/* Begin PBXFileReference section */
		B0A6A20D26FE820E0003DA37 /* test */ = {isa = PBXFileReference; explicitFileType = "compiled.mach-o.executable"; includeInIndex = 0; path = test; sourceTree = BUILT_PRODUCTS_DIR; };
		B0A6A21826FE824D0003DA37 /* reader.h */ = {isa = PBXFileReference; lastKnownFileType = sourcecode.c.h; path = reader.h; sourceTree = "<group>"; };
		B0A6A21926FE824D0003DA37 /* jsonvalue.h */ = {isa = PBXFileReference; lastKnownFileType = sourcecode.c.h; path = jsonvalue.h; sourceTree = "<group>"; };
		B0A6A21A26FE824D0003DA37 /* writer.h */ = {isa = PBXFileReference; lastKnownFileType = sourcecode.c.h; path = writer.h; sourceTree = "<group>"; };
		B0A6A21C26FE824D0003DA37 /* tokenizer.h */ = {isa = PBXFileReference; lastKnownFileType = sourcecode.c.h; path = tokenizer.h; sourceTree = "<group>"; };
		B0A6A21D26FE824D0003DA37 /* tokenizer.cpp */ = {isa = PBXFileReference; lastKnownFileType = sourcecode.cpp.cpp; path = tokenizer.cpp; sourceTree = "<group>"; };
		B0A6A21E26FE824D0003DA37 /* jsonvalue.cpp */ = {isa = PBXFileReference; lastKnownFileType = sourcecode.cpp.cpp; path = jsonvalue.cpp; sourceTree = "<group>"; };
		B0A6A21F26FE824D0003DA37 /* reader.cpp */ = {isa = PBXFileReference; lastKnownFileType = sourcecode.cpp.cpp; path = reader.cpp; sourceTree = "<group>"; };
		B0A6A22026FE824D0003DA37 /* tokentype.h */ = {isa = PBXFileReference; lastKnownFileType = sourcecode.c.h; path = tokentype.h; sourceTree = "<group>"; };
		B0A6A22126FE824D0003DA37 /* token.h */ = {isa = PBXFileReference; lastKnownFileType = sourcecode.c.h; path = token.h; sourceTree = "<group>"; };
		B0A6A22226FE824D0003DA37 /* writer.cpp */ = {isa = PBXFileReference; lastKnownFileType = sourcecode.cpp.cpp; path = writer.cpp; sourceTree = "<group>"; };
		B0A6A22626FE82B50003DA37 /* example.cpp */ = {isa = PBXFileReference; fileEncoding = 4; lastKnownFileType = sourcecode.cpp.cpp; name = example.cpp; path = example/example.cpp; sourceTree = "<group>"; };
		B0A6A22826FE82C90003DA37 /* test.cpp */ = {isa = PBXFileReference; fileEncoding = 4; lastKnownFileType = sourcecode.cpp.cpp; name = test.cpp; path = test/test.cpp; sourceTree = "<group>"; };
		B0A6A22926FE82C90003DA37 /* test.json */ = {isa = PBXFileReference; fileEncoding = 4; lastKnownFileType = text.json; name = test.json; path = test/test.json; sourceTree = "<group>"; };
		B0A6A23426FE84E10003DA37 /* example */ = {isa = PBXFileReference; explicitFileType = "compiled.mach-o.executable"; includeInIndex = 0; path = example; sourceTree = BUILT_PRODUCTS_DIR; };
/* End PBXFileReference section */

/* Begin PBXFrameworksBuildPhase section */
		B0A6A20A26FE820E0003DA37 /* Frameworks */ = {
			isa = PBXFrameworksBuildPhase;
			buildActionMask = 2147483647;
			files = (
			);
			runOnlyForDeploymentPostprocessing = 0;
		};
		B0A6A23126FE84E10003DA37 /* Frameworks */ = {
			isa = PBXFrameworksBuildPhase;
			buildActionMask = 2147483647;
			files = (
			);
			runOnlyForDeploymentPostprocessing = 0;
		};
/* End PBXFrameworksBuildPhase section */

/* Begin PBXGroup section */
		B0A6A20426FE820E0003DA37 = {
			isa = PBXGroup;
			children = (
				B0A6A21726FE824D0003DA37 /* simpson */,
				B0A6A22426FE82640003DA37 /* test */,
				B0A6A22526FE82A60003DA37 /* example */,
				B0A6A20E26FE820E0003DA37 /* Products */,
			);
			sourceTree = "<group>";
		};
		B0A6A20E26FE820E0003DA37 /* Products */ = {
			isa = PBXGroup;
			children = (
				B0A6A20D26FE820E0003DA37 /* test */,
				B0A6A23426FE84E10003DA37 /* example */,
			);
			name = Products;
			sourceTree = "<group>";
		};
		B0A6A21726FE824D0003DA37 /* simpson */ = {
			isa = PBXGroup;
			children = (
				B0A6A21826FE824D0003DA37 /* reader.h */,
				B0A6A21926FE824D0003DA37 /* jsonvalue.h */,
				B0A6A21A26FE824D0003DA37 /* writer.h */,
				B0A6A21B26FE824D0003DA37 /* src */,
			);
			path = simpson;
			sourceTree = "<group>";
		};
		B0A6A21B26FE824D0003DA37 /* src */ = {
			isa = PBXGroup;
			children = (
				B0A6A21C26FE824D0003DA37 /* tokenizer.h */,
				B0A6A21D26FE824D0003DA37 /* tokenizer.cpp */,
				B0A6A21E26FE824D0003DA37 /* jsonvalue.cpp */,
				B0A6A21F26FE824D0003DA37 /* reader.cpp */,
				B0A6A22026FE824D0003DA37 /* tokentype.h */,
				B0A6A22126FE824D0003DA37 /* token.h */,
				B0A6A22226FE824D0003DA37 /* writer.cpp */,
			);
			path = src;
			sourceTree = "<group>";
		};
		B0A6A22426FE82640003DA37 /* test */ = {
			isa = PBXGroup;
			children = (
				B0A6A22826FE82C90003DA37 /* test.cpp */,
				B0A6A22926FE82C90003DA37 /* test.json */,
			);
			name = test;
			sourceTree = "<group>";
		};
		B0A6A22526FE82A60003DA37 /* example */ = {
			isa = PBXGroup;
			children = (
				B0A6A22626FE82B50003DA37 /* example.cpp */,
			);
			name = example;
			sourceTree = "<group>";
		};
/* End PBXGroup section */

/* Begin PBXNativeTarget section */
		B0A6A20C26FE820E0003DA37 /* test */ = {
			isa = PBXNativeTarget;
			buildConfigurationList = B0A6A21426FE820E0003DA37 /* Build configuration list for PBXNativeTarget "test" */;
			buildPhases = (
				B0A6A20926FE820E0003DA37 /* Sources */,
				B0A6A20A26FE820E0003DA37 /* Frameworks */,
				B0A6A20B26FE820E0003DA37 /* CopyFiles */,
			);
			buildRules = (
			);
			dependencies = (
			);
			name = test;
			productName = simpson;
			productReference = B0A6A20D26FE820E0003DA37 /* test */;
			productType = "com.apple.product-type.tool";
		};
		B0A6A23326FE84E10003DA37 /* example */ = {
			isa = PBXNativeTarget;
			buildConfigurationList = B0A6A23826FE84E10003DA37 /* Build configuration list for PBXNativeTarget "example" */;
			buildPhases = (
				B0A6A23026FE84E10003DA37 /* Sources */,
				B0A6A23126FE84E10003DA37 /* Frameworks */,
				B0A6A23226FE84E10003DA37 /* CopyFiles */,
			);
			buildRules = (
			);
			dependencies = (
			);
			name = example;
			productName = example;
			productReference = B0A6A23426FE84E10003DA37 /* example */;
			productType = "com.apple.product-type.tool";
		};
/* End PBXNativeTarget section */

/* Begin PBXProject section */
		B0A6A20526FE820E0003DA37 /* Project object */ = {
			isa = PBXProject;
			attributes = {
				BuildIndependentTargetsInParallel = 1;
				LastUpgradeCheck = 1300;
				TargetAttributes = {
					B0A6A20C26FE820E0003DA37 = {
						CreatedOnToolsVersion = 13.0;
					};
					B0A6A23326FE84E10003DA37 = {
						CreatedOnToolsVersion = 13.0;
					};
				};
			};
			buildConfigurationList = B0A6A20826FE820E0003DA37 /* Build configuration list for PBXProject "simpson" */;
			compatibilityVersion = "Xcode 13.0";
			developmentRegion = en;
			hasScannedForEncodings = 0;
			knownRegions = (
				en,
				Base,
			);
			mainGroup = B0A6A20426FE820E0003DA37;
			productRefGroup = B0A6A20E26FE820E0003DA37 /* Products */;
			projectDirPath = "";
			projectRoot = "";
			targets = (
				B0A6A20C26FE820E0003DA37 /* test */,
				B0A6A23326FE84E10003DA37 /* example */,
			);
		};
/* End PBXProject section */

/* Begin PBXSourcesBuildPhase section */
		B0A6A20926FE820E0003DA37 /* Sources */ = {
			isa = PBXSourcesBuildPhase;
			buildActionMask = 2147483647;
			files = (
				B0A6A22E26FE84140003DA37 /* reader.cpp in Sources */,
				B0A6A22B26FE84140003DA37 /* writer.cpp in Sources */,
				B0A6A22D26FE84140003DA37 /* jsonvalue.cpp in Sources */,
				B0A6A22C26FE84140003DA37 /* tokenizer.cpp in Sources */,
				B0A6A22A26FE82CA0003DA37 /* test.cpp in Sources */,
			);
			runOnlyForDeploymentPostprocessing = 0;
		};
		B0A6A23026FE84E10003DA37 /* Sources */ = {
			isa = PBXSourcesBuildPhase;
			buildActionMask = 2147483647;
			files = (
				B0A6A23F26FE85290003DA37 /* writer.cpp in Sources */,
				B0A6A23E26FE84F40003DA37 /* example.cpp in Sources */,
				B0A6A23D26FE84E80003DA37 /* jsonvalue.cpp in Sources */,
				B0A6A23C26FE84E80003DA37 /* reader.cpp in Sources */,
				B0A6A23B26FE84E80003DA37 /* tokenizer.cpp in Sources */,
			);
			runOnlyForDeploymentPostprocessing = 0;
		};
/* End PBXSourcesBuildPhase section */

/* Begin XCBuildConfiguration section */
		B0A6A21226FE820E0003DA37 /* Debug */ = {
			isa = XCBuildConfiguration;
			buildSettings = {
				ALWAYS_SEARCH_USER_PATHS = NO;
				CLANG_ANALYZER_NONNULL = YES;
				CLANG_ANALYZER_NUMBER_OBJECT_CONVERSION = YES_AGGRESSIVE;
				CLANG_CXX_LANGUAGE_STANDARD = "gnu++17";
				CLANG_CXX_LIBRARY = "libc++";
				CLANG_ENABLE_MODULES = YES;
				CLANG_ENABLE_OBJC_ARC = YES;
				CLANG_ENABLE_OBJC_WEAK = YES;
				CLANG_WARN_BLOCK_CAPTURE_AUTORELEASING = YES;
				CLANG_WARN_BOOL_CONVERSION = YES;
				CLANG_WARN_COMMA = YES;
				CLANG_WARN_CONSTANT_CONVERSION = YES;
				CLANG_WARN_DEPRECATED_OBJC_IMPLEMENTATIONS = YES;
				CLANG_WARN_DIRECT_OBJC_ISA_USAGE = YES_ERROR;
				CLANG_WARN_DOCUMENTATION_COMMENTS = YES;
				CLANG_WARN_EMPTY_BODY = YES;
				CLANG_WARN_ENUM_CONVERSION = YES;
				CLANG_WARN_INFINITE_RECURSION = YES;
				CLANG_WARN_INT_CONVERSION = YES;
				CLANG_WARN_NON_LITERAL_NULL_CONVERSION = YES;
				CLANG_WARN_OBJC_IMPLICIT_RETAIN_SELF = YES;
				CLANG_WARN_OBJC_LITERAL_CONVERSION = YES;
				CLANG_WARN_OBJC_ROOT_CLASS = YES_ERROR;
				CLANG_WARN_QUOTED_INCLUDE_IN_FRAMEWORK_HEADER = YES;
				CLANG_WARN_RANGE_LOOP_ANALYSIS = YES;
				CLANG_WARN_STRICT_PROTOTYPES = YES;
				CLANG_WARN_SUSPICIOUS_MOVE = YES;
				CLANG_WARN_UNGUARDED_AVAILABILITY = YES_AGGRESSIVE;
				CLANG_WARN_UNREACHABLE_CODE = YES;
				CLANG_WARN__DUPLICATE_METHOD_MATCH = YES;
				COPY_PHASE_STRIP = NO;
				DEBUG_INFORMATION_FORMAT = dwarf;
				ENABLE_STRICT_OBJC_MSGSEND = YES;
				ENABLE_TESTABILITY = YES;
				GCC_C_LANGUAGE_STANDARD = gnu11;
				GCC_DYNAMIC_NO_PIC = NO;
				GCC_NO_COMMON_BLOCKS = YES;
				GCC_OPTIMIZATION_LEVEL = 0;
				GCC_PREPROCESSOR_DEFINITIONS = (
					"DEBUG=1",
					"$(inherited)",
				);
				GCC_WARN_64_TO_32_BIT_CONVERSION = YES;
				GCC_WARN_ABOUT_RETURN_TYPE = YES_ERROR;
				GCC_WARN_UNDECLARED_SELECTOR = YES;
				GCC_WARN_UNINITIALIZED_AUTOS = YES_AGGRESSIVE;
				GCC_WARN_UNUSED_FUNCTION = YES;
				GCC_WARN_UNUSED_VARIABLE = YES;
				HEADER_SEARCH_PATHS = .;
				MACOSX_DEPLOYMENT_TARGET = 11.3;
				MTL_ENABLE_DEBUG_INFO = INCLUDE_SOURCE;
				MTL_FAST_MATH = YES;
				ONLY_ACTIVE_ARCH = YES;
				SDKROOT = macosx;
			};
			name = Debug;
		};
		B0A6A21326FE820E0003DA37 /* Release */ = {
			isa = XCBuildConfiguration;
			buildSettings = {
				ALWAYS_SEARCH_USER_PATHS = NO;
				CLANG_ANALYZER_NONNULL = YES;
				CLANG_ANALYZER_NUMBER_OBJECT_CONVERSION = YES_AGGRESSIVE;
				CLANG_CXX_LANGUAGE_STANDARD = "gnu++17";
				CLANG_CXX_LIBRARY = "libc++";
				CLANG_ENABLE_MODULES = YES;
				CLANG_ENABLE_OBJC_ARC = YES;
				CLANG_ENABLE_OBJC_WEAK = YES;
				CLANG_WARN_BLOCK_CAPTURE_AUTORELEASING = YES;
				CLANG_WARN_BOOL_CONVERSION = YES;
				CLANG_WARN_COMMA = YES;
				CLANG_WARN_CONSTANT_CONVERSION = YES;
				CLANG_WARN_DEPRECATED_OBJC_IMPLEMENTATIONS = YES;
				CLANG_WARN_DIRECT_OBJC_ISA_USAGE = YES_ERROR;
				CLANG_WARN_DOCUMENTATION_COMMENTS = YES;
				CLANG_WARN_EMPTY_BODY = YES;
				CLANG_WARN_ENUM_CONVERSION = YES;
				CLANG_WARN_INFINITE_RECURSION = YES;
				CLANG_WARN_INT_CONVERSION = YES;
				CLANG_WARN_NON_LITERAL_NULL_CONVERSION = YES;
				CLANG_WARN_OBJC_IMPLICIT_RETAIN_SELF = YES;
				CLANG_WARN_OBJC_LITERAL_CONVERSION = YES;
				CLANG_WARN_OBJC_ROOT_CLASS = YES_ERROR;
				CLANG_WARN_QUOTED_INCLUDE_IN_FRAMEWORK_HEADER = YES;
				CLANG_WARN_RANGE_LOOP_ANALYSIS = YES;
				CLANG_WARN_STRICT_PROTOTYPES = YES;
				CLANG_WARN_SUSPICIOUS_MOVE = YES;
				CLANG_WARN_UNGUARDED_AVAILABILITY = YES_AGGRESSIVE;
				CLANG_WARN_UNREACHABLE_CODE = YES;
				CLANG_WARN__DUPLICATE_METHOD_MATCH = YES;
				COPY_PHASE_STRIP = NO;
				DEBUG_INFORMATION_FORMAT = "dwarf-with-dsym";
				ENABLE_NS_ASSERTIONS = NO;
				ENABLE_STRICT_OBJC_MSGSEND = YES;
				GCC_C_LANGUAGE_STANDARD = gnu11;
				GCC_NO_COMMON_BLOCKS = YES;
				GCC_WARN_64_TO_32_BIT_CONVERSION = YES;
				GCC_WARN_ABOUT_RETURN_TYPE = YES_ERROR;
				GCC_WARN_UNDECLARED_SELECTOR = YES;
				GCC_WARN_UNINITIALIZED_AUTOS = YES_AGGRESSIVE;
				GCC_WARN_UNUSED_FUNCTION = YES;
				GCC_WARN_UNUSED_VARIABLE = YES;
				HEADER_SEARCH_PATHS = .;
				MACOSX_DEPLOYMENT_TARGET = 11.3;
				MTL_ENABLE_DEBUG_INFO = NO;
				MTL_FAST_MATH = YES;
				SDKROOT = macosx;
			};
			name = Release;
		};
		B0A6A21526FE820E0003DA37 /* Debug */ = {
			isa = XCBuildConfiguration;
			buildSettings = {
				CODE_SIGN_STYLE = Automatic;
				DEVELOPMENT_TEAM = EU8W3VHS4S;
				ENABLE_HARDENED_RUNTIME = YES;
				PRODUCT_NAME = "$(TARGET_NAME)";
			};
			name = Debug;
		};
		B0A6A21626FE820E0003DA37 /* Release */ = {
			isa = XCBuildConfiguration;
			buildSettings = {
				CODE_SIGN_STYLE = Automatic;
				DEVELOPMENT_TEAM = EU8W3VHS4S;
				ENABLE_HARDENED_RUNTIME = YES;
				PRODUCT_NAME = "$(TARGET_NAME)";
			};
			name = Release;
		};
		B0A6A23926FE84E10003DA37 /* Debug */ = {
			isa = XCBuildConfiguration;
			buildSettings = {
				CODE_SIGN_STYLE = Automatic;
				DEVELOPMENT_TEAM = EU8W3VHS4S;
				ENABLE_HARDENED_RUNTIME = YES;
				PRODUCT_NAME = "$(TARGET_NAME)";
			};
			name = Debug;
		};
		B0A6A23A26FE84E10003DA37 /* Release */ = {
			isa = XCBuildConfiguration;
			buildSettings = {
				CODE_SIGN_STYLE = Automatic;
				DEVELOPMENT_TEAM = EU8W3VHS4S;
				ENABLE_HARDENED_RUNTIME = YES;
				PRODUCT_NAME = "$(TARGET_NAME)";
			};
			name = Release;
		};
/* End XCBuildConfiguration section */

/* Begin XCConfigurationList section */
		B0A6A20826FE820E0003DA37 /* Build configuration list for PBXProject "simpson" */ = {
			isa = XCConfigurationList;
			buildConfigurations = (
				B0A6A21226FE820E0003DA37 /* Debug */,
				B0A6A21326FE820E0003DA37 /* Release */,
			);
			defaultConfigurationIsVisible = 0;
			defaultConfigurationName = Release;
		};
		B0A6A21426FE820E0003DA37 /* Build configuration list for PBXNativeTarget "test" */ = {
			isa = XCConfigurationList;
			buildConfigurations = (
				B0A6A21526FE820E0003DA37 /* Debug */,
				B0A6A21626FE820E0003DA37 /* Release */,
			);
			defaultConfigurationIsVisible = 0;
			defaultConfigurationName = Release;
		};
		B0A6A23826FE84E10003DA37 /* Build configuration list for PBXNativeTarget "example" */ = {
			isa = XCConfigurationList;
			buildConfigurations = (
				B0A6A23926FE84E10003DA37 /* Debug */,
				B0A6A23A26FE84E10003DA37 /* Release */,
			);
			defaultConfigurationIsVisible = 0;
			defaultConfigurationName = Release;
		};
/* End XCConfigurationList section */
	};
	rootObject = B0A6A20526FE820E0003DA37 /* Project object */;
}
