// !$*UTF8*$!
{
	archiveVersion = 1;
	classes = {
	};
	objectVersion = 55;
	objects = {

/* Begin PBXBuildFile section */
		B0E49117270122C1001A8649 /* tokenizer.cpp in Sources */ = {isa = PBXBuildFile; fileRef = B0E49111270122C1001A8649 /* tokenizer.cpp */; };
		B0E49118270122C1001A8649 /* jsonvalue.cpp in Sources */ = {isa = PBXBuildFile; fileRef = B0E49112270122C1001A8649 /* jsonvalue.cpp */; };
		B0E49119270122C1001A8649 /* jsonreader.cpp in Sources */ = {isa = PBXBuildFile; fileRef = B0E49113270122C1001A8649 /* jsonreader.cpp */; };
		B0E4911A270122C1001A8649 /* jsonwriter.cpp in Sources */ = {isa = PBXBuildFile; fileRef = B0E49116270122C1001A8649 /* jsonwriter.cpp */; };
		B0E4911E270122CE001A8649 /* example.cpp in Sources */ = {isa = PBXBuildFile; fileRef = B0E4911D270122CE001A8649 /* example.cpp */; };
/* End PBXBuildFile section */

/* Begin PBXCopyFilesBuildPhase section */
		B0E490FF2701229B001A8649 /* CopyFiles */ = {
			isa = PBXCopyFilesBuildPhase;
			buildActionMask = 2147483647;
			dstPath = /usr/share/man/man1/;
			dstSubfolderSpec = 0;
			files = (
			);
			runOnlyForDeploymentPostprocessing = 1;
		};
/* End PBXCopyFilesBuildPhase section */

/* Begin PBXFileReference section */
		B0E491012701229B001A8649 /* example */ = {isa = PBXFileReference; explicitFileType = "compiled.mach-o.executable"; includeInIndex = 0; path = example; sourceTree = BUILT_PRODUCTS_DIR; };
		B0E4910C270122C1001A8649 /* jsonreader.h */ = {isa = PBXFileReference; fileEncoding = 4; lastKnownFileType = sourcecode.c.h; path = jsonreader.h; sourceTree = "<group>"; };
		B0E4910D270122C1001A8649 /* jsonvalue.h */ = {isa = PBXFileReference; fileEncoding = 4; lastKnownFileType = sourcecode.c.h; path = jsonvalue.h; sourceTree = "<group>"; };
		B0E4910E270122C1001A8649 /* jsonwriter.h */ = {isa = PBXFileReference; fileEncoding = 4; lastKnownFileType = sourcecode.c.h; path = jsonwriter.h; sourceTree = "<group>"; };
		B0E49110270122C1001A8649 /* tokenizer.h */ = {isa = PBXFileReference; fileEncoding = 4; lastKnownFileType = sourcecode.c.h; path = tokenizer.h; sourceTree = "<group>"; };
		B0E49111270122C1001A8649 /* tokenizer.cpp */ = {isa = PBXFileReference; fileEncoding = 4; lastKnownFileType = sourcecode.cpp.cpp; path = tokenizer.cpp; sourceTree = "<group>"; };
		B0E49112270122C1001A8649 /* jsonvalue.cpp */ = {isa = PBXFileReference; fileEncoding = 4; lastKnownFileType = sourcecode.cpp.cpp; path = jsonvalue.cpp; sourceTree = "<group>"; };
		B0E49113270122C1001A8649 /* jsonreader.cpp */ = {isa = PBXFileReference; fileEncoding = 4; lastKnownFileType = sourcecode.cpp.cpp; path = jsonreader.cpp; sourceTree = "<group>"; };
		B0E49114270122C1001A8649 /* tokentype.h */ = {isa = PBXFileReference; fileEncoding = 4; lastKnownFileType = sourcecode.c.h; path = tokentype.h; sourceTree = "<group>"; };
		B0E49115270122C1001A8649 /* token.h */ = {isa = PBXFileReference; fileEncoding = 4; lastKnownFileType = sourcecode.c.h; path = token.h; sourceTree = "<group>"; };
		B0E49116270122C1001A8649 /* jsonwriter.cpp */ = {isa = PBXFileReference; fileEncoding = 4; lastKnownFileType = sourcecode.cpp.cpp; path = jsonwriter.cpp; sourceTree = "<group>"; };
		B0E4911B270122CE001A8649 /* example.json */ = {isa = PBXFileReference; fileEncoding = 4; lastKnownFileType = text.json; path = example.json; sourceTree = "<group>"; };
		B0E4911C270122CE001A8649 /* invalid.json */ = {isa = PBXFileReference; fileEncoding = 4; lastKnownFileType = text.json; path = invalid.json; sourceTree = "<group>"; };
		B0E4911D270122CE001A8649 /* example.cpp */ = {isa = PBXFileReference; fileEncoding = 4; lastKnownFileType = sourcecode.cpp.cpp; path = example.cpp; sourceTree = "<group>"; };
/* End PBXFileReference section */

/* Begin PBXFrameworksBuildPhase section */
		B0E490FE2701229B001A8649 /* Frameworks */ = {
			isa = PBXFrameworksBuildPhase;
			buildActionMask = 2147483647;
			files = (
			);
			runOnlyForDeploymentPostprocessing = 0;
		};
/* End PBXFrameworksBuildPhase section */

/* Begin PBXGroup section */
		B0E490F82701229B001A8649 = {
			isa = PBXGroup;
			children = (
				B0E4910B270122C1001A8649 /* simpson */,
				B0E4911D270122CE001A8649 /* example.cpp */,
				B0E4911B270122CE001A8649 /* example.json */,
				B0E4911C270122CE001A8649 /* invalid.json */,
				B0E491022701229B001A8649 /* Products */,
			);
			sourceTree = "<group>";
		};
		B0E491022701229B001A8649 /* Products */ = {
			isa = PBXGroup;
			children = (
				B0E491012701229B001A8649 /* example */,
			);
			name = Products;
			sourceTree = "<group>";
		};
		B0E4910B270122C1001A8649 /* simpson */ = {
			isa = PBXGroup;
			children = (
				B0E4910C270122C1001A8649 /* jsonreader.h */,
				B0E4910D270122C1001A8649 /* jsonvalue.h */,
				B0E4910E270122C1001A8649 /* jsonwriter.h */,
				B0E4910F270122C1001A8649 /* src */,
			);
			name = simpson;
			path = ../simpson;
			sourceTree = "<group>";
		};
		B0E4910F270122C1001A8649 /* src */ = {
			isa = PBXGroup;
			children = (
				B0E49110270122C1001A8649 /* tokenizer.h */,
				B0E49111270122C1001A8649 /* tokenizer.cpp */,
				B0E49112270122C1001A8649 /* jsonvalue.cpp */,
				B0E49113270122C1001A8649 /* jsonreader.cpp */,
				B0E49114270122C1001A8649 /* tokentype.h */,
				B0E49115270122C1001A8649 /* token.h */,
				B0E49116270122C1001A8649 /* jsonwriter.cpp */,
			);
			path = src;
			sourceTree = "<group>";
		};
/* End PBXGroup section */

/* Begin PBXNativeTarget section */
		B0E491002701229B001A8649 /* example */ = {
			isa = PBXNativeTarget;
			buildConfigurationList = B0E491082701229B001A8649 /* Build configuration list for PBXNativeTarget "example" */;
			buildPhases = (
				B0E490FD2701229B001A8649 /* Sources */,
				B0E490FE2701229B001A8649 /* Frameworks */,
				B0E490FF2701229B001A8649 /* CopyFiles */,
			);
			buildRules = (
			);
			dependencies = (
			);
			name = example;
			productName = example;
			productReference = B0E491012701229B001A8649 /* example */;
			productType = "com.apple.product-type.tool";
		};
/* End PBXNativeTarget section */

/* Begin PBXProject section */
		B0E490F92701229B001A8649 /* Project object */ = {
			isa = PBXProject;
			attributes = {
				BuildIndependentTargetsInParallel = 1;
				LastUpgradeCheck = 1300;
				TargetAttributes = {
					B0E491002701229B001A8649 = {
						CreatedOnToolsVersion = 13.0;
					};
				};
			};
			buildConfigurationList = B0E490FC2701229B001A8649 /* Build configuration list for PBXProject "example" */;
			compatibilityVersion = "Xcode 13.0";
			developmentRegion = en;
			hasScannedForEncodings = 0;
			knownRegions = (
				en,
				Base,
			);
			mainGroup = B0E490F82701229B001A8649;
			productRefGroup = B0E491022701229B001A8649 /* Products */;
			projectDirPath = "";
			projectRoot = "";
			targets = (
				B0E491002701229B001A8649 /* example */,
			);
		};
/* End PBXProject section */

/* Begin PBXSourcesBuildPhase section */
		B0E490FD2701229B001A8649 /* Sources */ = {
			isa = PBXSourcesBuildPhase;
			buildActionMask = 2147483647;
			files = (
				B0E4911E270122CE001A8649 /* example.cpp in Sources */,
				B0E4911A270122C1001A8649 /* jsonwriter.cpp in Sources */,
				B0E49117270122C1001A8649 /* tokenizer.cpp in Sources */,
				B0E49119270122C1001A8649 /* jsonreader.cpp in Sources */,
				B0E49118270122C1001A8649 /* jsonvalue.cpp in Sources */,
			);
			runOnlyForDeploymentPostprocessing = 0;
		};
/* End PBXSourcesBuildPhase section */

/* Begin XCBuildConfiguration section */
		B0E491062701229B001A8649 /* Debug */ = {
			isa = XCBuildConfiguration;
			buildSettings = {
				ALWAYS_SEARCH_USER_PATHS = NO;
				CLANG_ANALYZER_NONNULL = YES;
				CLANG_ANALYZER_NUMBER_OBJECT_CONVERSION = YES_AGGRESSIVE;
				CLANG_CXX_LANGUAGE_STANDARD = "gnu++17";
				CLANG_CXX_LIBRARY = "libc++";
				CLANG_ENABLE_MODULES = YES;
				CLANG_ENABLE_OBJC_ARC = YES;
				CLANG_ENABLE_OBJC_WEAK = YES;
				CLANG_WARN_BLOCK_CAPTURE_AUTORELEASING = YES;
				CLANG_WARN_BOOL_CONVERSION = YES;
				CLANG_WARN_COMMA = YES;
				CLANG_WARN_CONSTANT_CONVERSION = YES;
				CLANG_WARN_DEPRECATED_OBJC_IMPLEMENTATIONS = YES;
				CLANG_WARN_DIRECT_OBJC_ISA_USAGE = YES_ERROR;
				CLANG_WARN_DOCUMENTATION_COMMENTS = YES;
				CLANG_WARN_EMPTY_BODY = YES;
				CLANG_WARN_ENUM_CONVERSION = YES;
				CLANG_WARN_INFINITE_RECURSION = YES;
				CLANG_WARN_INT_CONVERSION = YES;
				CLANG_WARN_NON_LITERAL_NULL_CONVERSION = YES;
				CLANG_WARN_OBJC_IMPLICIT_RETAIN_SELF = YES;
				CLANG_WARN_OBJC_LITERAL_CONVERSION = YES;
				CLANG_WARN_OBJC_ROOT_CLASS = YES_ERROR;
				CLANG_WARN_QUOTED_INCLUDE_IN_FRAMEWORK_HEADER = YES;
				CLANG_WARN_RANGE_LOOP_ANALYSIS = YES;
				CLANG_WARN_STRICT_PROTOTYPES = YES;
				CLANG_WARN_SUSPICIOUS_MOVE = YES;
				CLANG_WARN_UNGUARDED_AVAILABILITY = YES_AGGRESSIVE;
				CLANG_WARN_UNREACHABLE_CODE = YES;
				CLANG_WARN__DUPLICATE_METHOD_MATCH = YES;
				COPY_PHASE_STRIP = NO;
				DEBUG_INFORMATION_FORMAT = dwarf;
				ENABLE_STRICT_OBJC_MSGSEND = YES;
				ENABLE_TESTABILITY = YES;
				GCC_C_LANGUAGE_STANDARD = gnu11;
				GCC_DYNAMIC_NO_PIC = NO;
				GCC_NO_COMMON_BLOCKS = YES;
				GCC_OPTIMIZATION_LEVEL = 0;
				GCC_PREPROCESSOR_DEFINITIONS = (
					"DEBUG=1",
					"$(inherited)",
				);
				GCC_WARN_64_TO_32_BIT_CONVERSION = YES;
				GCC_WARN_ABOUT_RETURN_TYPE = YES_ERROR;
				GCC_WARN_UNDECLARED_SELECTOR = YES;
				GCC_WARN_UNINITIALIZED_AUTOS = YES_AGGRESSIVE;
				GCC_WARN_UNUSED_FUNCTION = YES;
				GCC_WARN_UNUSED_VARIABLE = YES;
				MACOSX_DEPLOYMENT_TARGET = 11.3;
				MTL_ENABLE_DEBUG_INFO = INCLUDE_SOURCE;
				MTL_FAST_MATH = YES;
				ONLY_ACTIVE_ARCH = YES;
				SDKROOT = macosx;
			};
			name = Debug;
		};
		B0E491072701229B001A8649 /* Release */ = {
			isa = XCBuildConfiguration;
			buildSettings = {
				ALWAYS_SEARCH_USER_PATHS = NO;
				CLANG_ANALYZER_NONNULL = YES;
				CLANG_ANALYZER_NUMBER_OBJECT_CONVERSION = YES_AGGRESSIVE;
				CLANG_CXX_LANGUAGE_STANDARD = "gnu++17";
				CLANG_CXX_LIBRARY = "libc++";
				CLANG_ENABLE_MODULES = YES;
				CLANG_ENABLE_OBJC_ARC = YES;
				CLANG_ENABLE_OBJC_WEAK = YES;
				CLANG_WARN_BLOCK_CAPTURE_AUTORELEASING = YES;
				CLANG_WARN_BOOL_CONVERSION = YES;
				CLANG_WARN_COMMA = YES;
				CLANG_WARN_CONSTANT_CONVERSION = YES;
				CLANG_WARN_DEPRECATED_OBJC_IMPLEMENTATIONS = YES;
				CLANG_WARN_DIRECT_OBJC_ISA_USAGE = YES_ERROR;
				CLANG_WARN_DOCUMENTATION_COMMENTS = YES;
				CLANG_WARN_EMPTY_BODY = YES;
				CLANG_WARN_ENUM_CONVERSION = YES;
				CLANG_WARN_INFINITE_RECURSION = YES;
				CLANG_WARN_INT_CONVERSION = YES;
				CLANG_WARN_NON_LITERAL_NULL_CONVERSION = YES;
				CLANG_WARN_OBJC_IMPLICIT_RETAIN_SELF = YES;
				CLANG_WARN_OBJC_LITERAL_CONVERSION = YES;
				CLANG_WARN_OBJC_ROOT_CLASS = YES_ERROR;
				CLANG_WARN_QUOTED_INCLUDE_IN_FRAMEWORK_HEADER = YES;
				CLANG_WARN_RANGE_LOOP_ANALYSIS = YES;
				CLANG_WARN_STRICT_PROTOTYPES = YES;
				CLANG_WARN_SUSPICIOUS_MOVE = YES;
				CLANG_WARN_UNGUARDED_AVAILABILITY = YES_AGGRESSIVE;
				CLANG_WARN_UNREACHABLE_CODE = YES;
				CLANG_WARN__DUPLICATE_METHOD_MATCH = YES;
				COPY_PHASE_STRIP = NO;
				DEBUG_INFORMATION_FORMAT = "dwarf-with-dsym";
				ENABLE_NS_ASSERTIONS = NO;
				ENABLE_STRICT_OBJC_MSGSEND = YES;
				GCC_C_LANGUAGE_STANDARD = gnu11;
				GCC_NO_COMMON_BLOCKS = YES;
				GCC_WARN_64_TO_32_BIT_CONVERSION = YES;
				GCC_WARN_ABOUT_RETURN_TYPE = YES_ERROR;
				GCC_WARN_UNDECLARED_SELECTOR = YES;
				GCC_WARN_UNINITIALIZED_AUTOS = YES_AGGRESSIVE;
				GCC_WARN_UNUSED_FUNCTION = YES;
				GCC_WARN_UNUSED_VARIABLE = YES;
				MACOSX_DEPLOYMENT_TARGET = 11.3;
				MTL_ENABLE_DEBUG_INFO = NO;
				MTL_FAST_MATH = YES;
				SDKROOT = macosx;
			};
			name = Release;
		};
		B0E491092701229B001A8649 /* Debug */ = {
			isa = XCBuildConfiguration;
			buildSettings = {
				CODE_SIGN_STYLE = Automatic;
				DEVELOPMENT_TEAM = Y2U5Q3CRXG;
				ENABLE_HARDENED_RUNTIME = YES;
				HEADER_SEARCH_PATHS = ..;
				PRODUCT_NAME = "$(TARGET_NAME)";
			};
			name = Debug;
		};
		B0E4910A2701229B001A8649 /* Release */ = {
			isa = XCBuildConfiguration;
			buildSettings = {
				CODE_SIGN_STYLE = Automatic;
				DEVELOPMENT_TEAM = EU8W3VHS4S;
				ENABLE_HARDENED_RUNTIME = YES;
				HEADER_SEARCH_PATHS = ..;
				PRODUCT_NAME = "$(TARGET_NAME)";
			};
			name = Release;
		};
/* End XCBuildConfiguration section */

/* Begin XCConfigurationList section */
		B0E490FC2701229B001A8649 /* Build configuration list for PBXProject "example" */ = {
			isa = XCConfigurationList;
			buildConfigurations = (
				B0E491062701229B001A8649 /* Debug */,
				B0E491072701229B001A8649 /* Release */,
			);
			defaultConfigurationIsVisible = 0;
			defaultConfigurationName = Release;
		};
		B0E491082701229B001A8649 /* Build configuration list for PBXNativeTarget "example" */ = {
			isa = XCConfigurationList;
			buildConfigurations = (
				B0E491092701229B001A8649 /* Debug */,
				B0E4910A2701229B001A8649 /* Release */,
			);
			defaultConfigurationIsVisible = 0;
			defaultConfigurationName = Release;
		};
/* End XCConfigurationList section */
	};
	rootObject = B0E490F92701229B001A8649 /* Project object */;
}
